// !$*UTF8*$!
{
	archiveVersion = 1;
	classes = {
	};
	objectVersion = 52;
	objects = {

/* Begin PBXBuildFile section */
		37D316B5ADAADCA40C8EFFB3 /* Pods_MOP.framework in Frameworks */ = {isa = PBXBuildFile; fileRef = 5762787E0C494EF5BE296623 /* Pods_MOP.framework */; };
		4940A72965F690625505BEDC /* Pods_MOPTests.framework in Frameworks */ = {isa = PBXBuildFile; fileRef = C52F3F1D28231F8BB7A352EA /* Pods_MOPTests.framework */; };
		AE078B4024094C96004DC88D /* AppDelegate.swift in Sources */ = {isa = PBXBuildFile; fileRef = AE078B3F24094C96004DC88D /* AppDelegate.swift */; };
		AE078B4224094C96004DC88D /* SceneDelegate.swift in Sources */ = {isa = PBXBuildFile; fileRef = AE078B4124094C96004DC88D /* SceneDelegate.swift */; };
		AE078B4624094C99004DC88D /* Assets.xcassets in Resources */ = {isa = PBXBuildFile; fileRef = AE078B4524094C99004DC88D /* Assets.xcassets */; };
		AE078B4924094C99004DC88D /* Preview Assets.xcassets in Resources */ = {isa = PBXBuildFile; fileRef = AE078B4824094C99004DC88D /* Preview Assets.xcassets */; };
		AE078B4C24094C99004DC88D /* LaunchScreen.storyboard in Resources */ = {isa = PBXBuildFile; fileRef = AE078B4A24094C99004DC88D /* LaunchScreen.storyboard */; };
		AE078B5724094C9A004DC88D /* MOPTests.swift in Sources */ = {isa = PBXBuildFile; fileRef = AE078B5624094C9A004DC88D /* MOPTests.swift */; };
		AE078B6224094C9A004DC88D /* MOPUITests.swift in Sources */ = {isa = PBXBuildFile; fileRef = AE078B6124094C9A004DC88D /* MOPUITests.swift */; };
		AE078B7024094D73004DC88D /* PostModel.swift in Sources */ = {isa = PBXBuildFile; fileRef = AE078B6F24094D73004DC88D /* PostModel.swift */; };
		AE078B7224094D8D004DC88D /* CommentModel.swift in Sources */ = {isa = PBXBuildFile; fileRef = AE078B7124094D8D004DC88D /* CommentModel.swift */; };
		AE078B7424094E30004DC88D /* TagModel.swift in Sources */ = {isa = PBXBuildFile; fileRef = AE078B7324094E30004DC88D /* TagModel.swift */; };
		AE078B78240950A6004DC88D /* UserModel.swift in Sources */ = {isa = PBXBuildFile; fileRef = AE078B77240950A6004DC88D /* UserModel.swift */; };
		AE078B7F240957C2004DC88D /* UserViewModel.swift in Sources */ = {isa = PBXBuildFile; fileRef = AE078B7E240957C2004DC88D /* UserViewModel.swift */; };
		AE078B8124095832004DC88D /* PostViewModel.swift in Sources */ = {isa = PBXBuildFile; fileRef = AE078B8024095832004DC88D /* PostViewModel.swift */; };
		AE078B83240958A0004DC88D /* CommentViewModel.swift in Sources */ = {isa = PBXBuildFile; fileRef = AE078B82240958A0004DC88D /* CommentViewModel.swift */; };
		AE078B85240958F3004DC88D /* TagViewModel.swift in Sources */ = {isa = PBXBuildFile; fileRef = AE078B84240958F3004DC88D /* TagViewModel.swift */; };
		AE078B88240959F3004DC88D /* HomepageView.swift in Sources */ = {isa = PBXBuildFile; fileRef = AE078B87240959F3004DC88D /* HomepageView.swift */; };
		AE078B8A24095F4C004DC88D /* PostView.swift in Sources */ = {isa = PBXBuildFile; fileRef = AE078B8924095F4C004DC88D /* PostView.swift */; };
		AE078B8C24097146004DC88D /* PostItem.swift in Sources */ = {isa = PBXBuildFile; fileRef = AE078B8B24097146004DC88D /* PostItem.swift */; };
		AE437816241FC2B7003F782E /* SearchView.swift in Sources */ = {isa = PBXBuildFile; fileRef = AE437815241FC2B7003F782E /* SearchView.swift */; };
		AE437818241FF655003F782E /* SearchViewRouter.swift in Sources */ = {isa = PBXBuildFile; fileRef = AE437817241FF655003F782E /* SearchViewRouter.swift */; };
		AE4D06E224268C8800FFE1D6 /* GoogleService-Info.plist in Resources */ = {isa = PBXBuildFile; fileRef = AE4D06E124268C8800FFE1D6 /* GoogleService-Info.plist */; };
		AE4D06E324268C8800FFE1D6 /* GoogleService-Info.plist in Resources */ = {isa = PBXBuildFile; fileRef = AE4D06E124268C8800FFE1D6 /* GoogleService-Info.plist */; };
		AE4D06E424268C8800FFE1D6 /* GoogleService-Info.plist in Resources */ = {isa = PBXBuildFile; fileRef = AE4D06E124268C8800FFE1D6 /* GoogleService-Info.plist */; };
		AE66722024104EC80095C97A /* PostViewRouter.swift in Sources */ = {isa = PBXBuildFile; fileRef = AE66721F24104EC80095C97A /* PostViewRouter.swift */; };
		AE6956D7241A87B100EAB6E2 /* KeyboardObserver.swift in Sources */ = {isa = PBXBuildFile; fileRef = AE6956D6241A87B100EAB6E2 /* KeyboardObserver.swift */; };
		AE85B505241398CB00AC3131 /* AddPostView.swift in Sources */ = {isa = PBXBuildFile; fileRef = AE85B504241398CB00AC3131 /* AddPostView.swift */; };
		AE85B50724139B9D00AC3131 /* ImagePicker.swift in Sources */ = {isa = PBXBuildFile; fileRef = AE85B50624139B9D00AC3131 /* ImagePicker.swift */; };
		AEA120AC241EB4670048DCCD /* MultilineTF.swift in Sources */ = {isa = PBXBuildFile; fileRef = AEA120AB241EB4670048DCCD /* MultilineTF.swift */; };
		AEB70433240CFB63006651EE /* LogIn.swift in Sources */ = {isa = PBXBuildFile; fileRef = AEB70432240CFB63006651EE /* LogIn.swift */; };
		AEB70435240CFB77006651EE /* SignUpView.swift in Sources */ = {isa = PBXBuildFile; fileRef = AEB70434240CFB77006651EE /* SignUpView.swift */; };
		AED73CE0242235B300BA09C2 /* ListPostView.swift in Sources */ = {isa = PBXBuildFile; fileRef = AED73CDF242235B300BA09C2 /* ListPostView.swift */; };
		AED73CE22422360300BA09C2 /* ProfileView.swift in Sources */ = {isa = PBXBuildFile; fileRef = AED73CE12422360300BA09C2 /* ProfileView.swift */; };
		AEE241542426B0280058B563 /* ImageView.swift in Sources */ = {isa = PBXBuildFile; fileRef = AEE241532426B0280058B563 /* ImageView.swift */; };
		AEE30C9D2420EF2A0059414A /* PersonItem.swift in Sources */ = {isa = PBXBuildFile; fileRef = AEE30C9C2420EF2A0059414A /* PersonItem.swift */; };
		B70DFB802417D8F20031DAEE /* LikeModel.swift in Sources */ = {isa = PBXBuildFile; fileRef = B70DFB7F2417D8F20031DAEE /* LikeModel.swift */; };
		B70DFB822417DAC20031DAEE /* ReportModel.swift in Sources */ = {isa = PBXBuildFile; fileRef = B70DFB812417DAC20031DAEE /* ReportModel.swift */; };
		B7145611240ECB6200286357 /* NIO in Frameworks */ = {isa = PBXBuildFile; productRef = B7145610240ECB6200286357 /* NIO */; };
		B741D2652412B6D70069A5E3 /* CommentsView.swift in Sources */ = {isa = PBXBuildFile; fileRef = B741D2642412B6D70069A5E3 /* CommentsView.swift */; };
		B741D2672412B8170069A5E3 /* CommentItem.swift in Sources */ = {isa = PBXBuildFile; fileRef = B741D2662412B8170069A5E3 /* CommentItem.swift */; };
		B7EB123B240FC819002FEDEA /* MenuView.swift in Sources */ = {isa = PBXBuildFile; fileRef = B7EB123A240FC819002FEDEA /* MenuView.swift */; };
		B7EB123D240FEE97002FEDEA /* MainViewRouter.swift in Sources */ = {isa = PBXBuildFile; fileRef = B7EB123C240FEE97002FEDEA /* MainViewRouter.swift */; };
		E5D4514995804EEECC689A60 /* Pods_MOP_MOPUITests.framework in Frameworks */ = {isa = PBXBuildFile; fileRef = 4C1B6EE29D05DC1E2484EA38 /* Pods_MOP_MOPUITests.framework */; };
/* End PBXBuildFile section */

/* Begin PBXContainerItemProxy section */
		AE078B5324094C9A004DC88D /* PBXContainerItemProxy */ = {
			isa = PBXContainerItemProxy;
			containerPortal = AE078B3424094C96004DC88D /* Project object */;
			proxyType = 1;
			remoteGlobalIDString = AE078B3B24094C96004DC88D;
			remoteInfo = MOP;
		};
		AE078B5E24094C9A004DC88D /* PBXContainerItemProxy */ = {
			isa = PBXContainerItemProxy;
			containerPortal = AE078B3424094C96004DC88D /* Project object */;
			proxyType = 1;
			remoteGlobalIDString = AE078B3B24094C96004DC88D;
			remoteInfo = MOP;
		};
/* End PBXContainerItemProxy section */

/* Begin PBXFileReference section */
		03DB10A4368B7DBFB7ED8E5D /* Pods-MOP.release.xcconfig */ = {isa = PBXFileReference; includeInIndex = 1; lastKnownFileType = text.xcconfig; name = "Pods-MOP.release.xcconfig"; path = "Target Support Files/Pods-MOP/Pods-MOP.release.xcconfig"; sourceTree = "<group>"; };
		0ADB0EF267E8860FCE246F7C /* Pods-MOP-MOPUITests.debug.xcconfig */ = {isa = PBXFileReference; includeInIndex = 1; lastKnownFileType = text.xcconfig; name = "Pods-MOP-MOPUITests.debug.xcconfig"; path = "Target Support Files/Pods-MOP-MOPUITests/Pods-MOP-MOPUITests.debug.xcconfig"; sourceTree = "<group>"; };
		3FE81FCD1CFC2656D8B03EA0 /* Pods-MOP-MOPUITests.release.xcconfig */ = {isa = PBXFileReference; includeInIndex = 1; lastKnownFileType = text.xcconfig; name = "Pods-MOP-MOPUITests.release.xcconfig"; path = "Target Support Files/Pods-MOP-MOPUITests/Pods-MOP-MOPUITests.release.xcconfig"; sourceTree = "<group>"; };
		4C1B6EE29D05DC1E2484EA38 /* Pods_MOP_MOPUITests.framework */ = {isa = PBXFileReference; explicitFileType = wrapper.framework; includeInIndex = 0; path = Pods_MOP_MOPUITests.framework; sourceTree = BUILT_PRODUCTS_DIR; };
		5762787E0C494EF5BE296623 /* Pods_MOP.framework */ = {isa = PBXFileReference; explicitFileType = wrapper.framework; includeInIndex = 0; path = Pods_MOP.framework; sourceTree = BUILT_PRODUCTS_DIR; };
		611BA3702AC8F7B6EFC96556 /* Pods-MOP.debug.xcconfig */ = {isa = PBXFileReference; includeInIndex = 1; lastKnownFileType = text.xcconfig; name = "Pods-MOP.debug.xcconfig"; path = "Target Support Files/Pods-MOP/Pods-MOP.debug.xcconfig"; sourceTree = "<group>"; };
		AE078B3C24094C96004DC88D /* MOP.app */ = {isa = PBXFileReference; explicitFileType = wrapper.application; includeInIndex = 0; path = MOP.app; sourceTree = BUILT_PRODUCTS_DIR; };
		AE078B3F24094C96004DC88D /* AppDelegate.swift */ = {isa = PBXFileReference; lastKnownFileType = sourcecode.swift; path = AppDelegate.swift; sourceTree = "<group>"; };
		AE078B4124094C96004DC88D /* SceneDelegate.swift */ = {isa = PBXFileReference; lastKnownFileType = sourcecode.swift; path = SceneDelegate.swift; sourceTree = "<group>"; };
		AE078B4524094C99004DC88D /* Assets.xcassets */ = {isa = PBXFileReference; lastKnownFileType = folder.assetcatalog; path = Assets.xcassets; sourceTree = "<group>"; };
		AE078B4824094C99004DC88D /* Preview Assets.xcassets */ = {isa = PBXFileReference; lastKnownFileType = folder.assetcatalog; path = "Preview Assets.xcassets"; sourceTree = "<group>"; };
		AE078B4B24094C99004DC88D /* Base */ = {isa = PBXFileReference; lastKnownFileType = file.storyboard; name = Base; path = Base.lproj/LaunchScreen.storyboard; sourceTree = "<group>"; };
		AE078B4D24094C99004DC88D /* Info.plist */ = {isa = PBXFileReference; lastKnownFileType = text.plist.xml; path = Info.plist; sourceTree = "<group>"; };
		AE078B5224094C99004DC88D /* MOPTests.xctest */ = {isa = PBXFileReference; explicitFileType = wrapper.cfbundle; includeInIndex = 0; path = MOPTests.xctest; sourceTree = BUILT_PRODUCTS_DIR; };
		AE078B5624094C9A004DC88D /* MOPTests.swift */ = {isa = PBXFileReference; lastKnownFileType = sourcecode.swift; path = MOPTests.swift; sourceTree = "<group>"; };
		AE078B5824094C9A004DC88D /* Info.plist */ = {isa = PBXFileReference; lastKnownFileType = text.plist.xml; path = Info.plist; sourceTree = "<group>"; };
		AE078B5D24094C9A004DC88D /* MOPUITests.xctest */ = {isa = PBXFileReference; explicitFileType = wrapper.cfbundle; includeInIndex = 0; path = MOPUITests.xctest; sourceTree = BUILT_PRODUCTS_DIR; };
		AE078B6124094C9A004DC88D /* MOPUITests.swift */ = {isa = PBXFileReference; lastKnownFileType = sourcecode.swift; path = MOPUITests.swift; sourceTree = "<group>"; };
		AE078B6324094C9A004DC88D /* Info.plist */ = {isa = PBXFileReference; lastKnownFileType = text.plist.xml; path = Info.plist; sourceTree = "<group>"; };
		AE078B6F24094D73004DC88D /* PostModel.swift */ = {isa = PBXFileReference; lastKnownFileType = sourcecode.swift; path = PostModel.swift; sourceTree = "<group>"; };
		AE078B7124094D8D004DC88D /* CommentModel.swift */ = {isa = PBXFileReference; lastKnownFileType = sourcecode.swift; path = CommentModel.swift; sourceTree = "<group>"; };
		AE078B7324094E30004DC88D /* TagModel.swift */ = {isa = PBXFileReference; lastKnownFileType = sourcecode.swift; path = TagModel.swift; sourceTree = "<group>"; };
		AE078B77240950A6004DC88D /* UserModel.swift */ = {isa = PBXFileReference; lastKnownFileType = sourcecode.swift; path = UserModel.swift; sourceTree = "<group>"; };
		AE078B7E240957C2004DC88D /* UserViewModel.swift */ = {isa = PBXFileReference; lastKnownFileType = sourcecode.swift; path = UserViewModel.swift; sourceTree = "<group>"; };
		AE078B8024095832004DC88D /* PostViewModel.swift */ = {isa = PBXFileReference; lastKnownFileType = sourcecode.swift; path = PostViewModel.swift; sourceTree = "<group>"; };
		AE078B82240958A0004DC88D /* CommentViewModel.swift */ = {isa = PBXFileReference; lastKnownFileType = sourcecode.swift; path = CommentViewModel.swift; sourceTree = "<group>"; };
		AE078B84240958F3004DC88D /* TagViewModel.swift */ = {isa = PBXFileReference; lastKnownFileType = sourcecode.swift; path = TagViewModel.swift; sourceTree = "<group>"; };
		AE078B87240959F3004DC88D /* HomepageView.swift */ = {isa = PBXFileReference; lastKnownFileType = sourcecode.swift; path = HomepageView.swift; sourceTree = "<group>"; };
		AE078B8924095F4C004DC88D /* PostView.swift */ = {isa = PBXFileReference; lastKnownFileType = sourcecode.swift; path = PostView.swift; sourceTree = "<group>"; };
		AE078B8B24097146004DC88D /* PostItem.swift */ = {isa = PBXFileReference; lastKnownFileType = sourcecode.swift; path = PostItem.swift; sourceTree = "<group>"; };
		AE437815241FC2B7003F782E /* SearchView.swift */ = {isa = PBXFileReference; lastKnownFileType = sourcecode.swift; path = SearchView.swift; sourceTree = "<group>"; };
		AE437817241FF655003F782E /* SearchViewRouter.swift */ = {isa = PBXFileReference; lastKnownFileType = sourcecode.swift; path = SearchViewRouter.swift; sourceTree = "<group>"; };
		AE4D06E124268C8800FFE1D6 /* GoogleService-Info.plist */ = {isa = PBXFileReference; fileEncoding = 4; lastKnownFileType = text.plist.xml; path = "GoogleService-Info.plist"; sourceTree = "<group>"; };
		AE66721F24104EC80095C97A /* PostViewRouter.swift */ = {isa = PBXFileReference; lastKnownFileType = sourcecode.swift; path = PostViewRouter.swift; sourceTree = "<group>"; };
		AE6956D6241A87B100EAB6E2 /* KeyboardObserver.swift */ = {isa = PBXFileReference; lastKnownFileType = sourcecode.swift; path = KeyboardObserver.swift; sourceTree = "<group>"; };
		AE85B504241398CB00AC3131 /* AddPostView.swift */ = {isa = PBXFileReference; fileEncoding = 4; lastKnownFileType = sourcecode.swift; path = AddPostView.swift; sourceTree = "<group>"; };
		AE85B50624139B9D00AC3131 /* ImagePicker.swift */ = {isa = PBXFileReference; lastKnownFileType = sourcecode.swift; path = ImagePicker.swift; sourceTree = "<group>"; };
		AEA120AB241EB4670048DCCD /* MultilineTF.swift */ = {isa = PBXFileReference; lastKnownFileType = sourcecode.swift; path = MultilineTF.swift; sourceTree = "<group>"; };
		AEB70432240CFB63006651EE /* LogIn.swift */ = {isa = PBXFileReference; lastKnownFileType = sourcecode.swift; path = LogIn.swift; sourceTree = "<group>"; };
		AEB70434240CFB77006651EE /* SignUpView.swift */ = {isa = PBXFileReference; lastKnownFileType = sourcecode.swift; path = SignUpView.swift; sourceTree = "<group>"; };
		AED73CDF242235B300BA09C2 /* ListPostView.swift */ = {isa = PBXFileReference; lastKnownFileType = sourcecode.swift; path = ListPostView.swift; sourceTree = "<group>"; };
		AED73CE12422360300BA09C2 /* ProfileView.swift */ = {isa = PBXFileReference; lastKnownFileType = sourcecode.swift; path = ProfileView.swift; sourceTree = "<group>"; };
		AEE241532426B0280058B563 /* ImageView.swift */ = {isa = PBXFileReference; lastKnownFileType = sourcecode.swift; path = ImageView.swift; sourceTree = "<group>"; };
		AEE30C9C2420EF2A0059414A /* PersonItem.swift */ = {isa = PBXFileReference; lastKnownFileType = sourcecode.swift; path = PersonItem.swift; sourceTree = "<group>"; };
		B2FA54D25BE6E281C2124305 /* Pods-MOPTests.release.xcconfig */ = {isa = PBXFileReference; includeInIndex = 1; lastKnownFileType = text.xcconfig; name = "Pods-MOPTests.release.xcconfig"; path = "Target Support Files/Pods-MOPTests/Pods-MOPTests.release.xcconfig"; sourceTree = "<group>"; };
		B70DFB7F2417D8F20031DAEE /* LikeModel.swift */ = {isa = PBXFileReference; lastKnownFileType = sourcecode.swift; path = LikeModel.swift; sourceTree = "<group>"; };
		B70DFB812417DAC20031DAEE /* ReportModel.swift */ = {isa = PBXFileReference; lastKnownFileType = sourcecode.swift; path = ReportModel.swift; sourceTree = "<group>"; };
		B741D2642412B6D70069A5E3 /* CommentsView.swift */ = {isa = PBXFileReference; lastKnownFileType = sourcecode.swift; path = CommentsView.swift; sourceTree = "<group>"; };
		B741D2662412B8170069A5E3 /* CommentItem.swift */ = {isa = PBXFileReference; lastKnownFileType = sourcecode.swift; path = CommentItem.swift; sourceTree = "<group>"; };
		B7EB123A240FC819002FEDEA /* MenuView.swift */ = {isa = PBXFileReference; lastKnownFileType = sourcecode.swift; path = MenuView.swift; sourceTree = "<group>"; };
		B7EB123C240FEE97002FEDEA /* MainViewRouter.swift */ = {isa = PBXFileReference; lastKnownFileType = sourcecode.swift; path = MainViewRouter.swift; sourceTree = "<group>"; };
		C52F3F1D28231F8BB7A352EA /* Pods_MOPTests.framework */ = {isa = PBXFileReference; explicitFileType = wrapper.framework; includeInIndex = 0; path = Pods_MOPTests.framework; sourceTree = BUILT_PRODUCTS_DIR; };
		DAA6CF94E6AEAD0B78C33BA1 /* Pods-MOPTests.debug.xcconfig */ = {isa = PBXFileReference; includeInIndex = 1; lastKnownFileType = text.xcconfig; name = "Pods-MOPTests.debug.xcconfig"; path = "Target Support Files/Pods-MOPTests/Pods-MOPTests.debug.xcconfig"; sourceTree = "<group>"; };
/* End PBXFileReference section */

/* Begin PBXFrameworksBuildPhase section */
		AE078B3924094C96004DC88D /* Frameworks */ = {
			isa = PBXFrameworksBuildPhase;
			buildActionMask = 2147483647;
			files = (
				B7145611240ECB6200286357 /* NIO in Frameworks */,
				37D316B5ADAADCA40C8EFFB3 /* Pods_MOP.framework in Frameworks */,
			);
			runOnlyForDeploymentPostprocessing = 0;
		};
		AE078B4F24094C99004DC88D /* Frameworks */ = {
			isa = PBXFrameworksBuildPhase;
			buildActionMask = 2147483647;
			files = (
				4940A72965F690625505BEDC /* Pods_MOPTests.framework in Frameworks */,
			);
			runOnlyForDeploymentPostprocessing = 0;
		};
		AE078B5A24094C9A004DC88D /* Frameworks */ = {
			isa = PBXFrameworksBuildPhase;
			buildActionMask = 2147483647;
			files = (
				E5D4514995804EEECC689A60 /* Pods_MOP_MOPUITests.framework in Frameworks */,
			);
			runOnlyForDeploymentPostprocessing = 0;
		};
/* End PBXFrameworksBuildPhase section */

/* Begin PBXGroup section */
		1CA323FE505645FA6ED577AF /* Frameworks */ = {
			isa = PBXGroup;
			children = (
				5762787E0C494EF5BE296623 /* Pods_MOP.framework */,
				4C1B6EE29D05DC1E2484EA38 /* Pods_MOP_MOPUITests.framework */,
				C52F3F1D28231F8BB7A352EA /* Pods_MOPTests.framework */,
			);
			name = Frameworks;
			sourceTree = "<group>";
		};
		AE078B3324094C96004DC88D = {
			isa = PBXGroup;
			children = (
				AE078B3E24094C96004DC88D /* MOP */,
				AE078B5524094C9A004DC88D /* MOPTests */,
				AE078B6024094C9A004DC88D /* MOPUITests */,
				AE078B3D24094C96004DC88D /* Products */,
				D37911ACC74363230A9B9A53 /* Pods */,
				1CA323FE505645FA6ED577AF /* Frameworks */,
			);
			sourceTree = "<group>";
		};
		AE078B3D24094C96004DC88D /* Products */ = {
			isa = PBXGroup;
			children = (
				AE078B3C24094C96004DC88D /* MOP.app */,
				AE078B5224094C99004DC88D /* MOPTests.xctest */,
				AE078B5D24094C9A004DC88D /* MOPUITests.xctest */,
			);
			name = Products;
			sourceTree = "<group>";
		};
		AE078B3E24094C96004DC88D /* MOP */ = {
			isa = PBXGroup;
			children = (
				AE66721E24104E9B0095C97A /* Routers */,
				AE078B8624095996004DC88D /* Views */,
				AE078B7D24095756004DC88D /* ViewModels */,
				AE078B7B240956F6004DC88D /* Models */,
				AE078B3F24094C96004DC88D /* AppDelegate.swift */,
				AE078B4124094C96004DC88D /* SceneDelegate.swift */,
				AE078B4524094C99004DC88D /* Assets.xcassets */,
				AE078B4A24094C99004DC88D /* LaunchScreen.storyboard */,
				AE078B4D24094C99004DC88D /* Info.plist */,
				AE4D06E124268C8800FFE1D6 /* GoogleService-Info.plist */,
				AE078B4724094C99004DC88D /* Preview Content */,
			);
			path = MOP;
			sourceTree = "<group>";
		};
		AE078B4724094C99004DC88D /* Preview Content */ = {
			isa = PBXGroup;
			children = (
				AE078B4824094C99004DC88D /* Preview Assets.xcassets */,
			);
			path = "Preview Content";
			sourceTree = "<group>";
		};
		AE078B5524094C9A004DC88D /* MOPTests */ = {
			isa = PBXGroup;
			children = (
				AE078B5624094C9A004DC88D /* MOPTests.swift */,
				AE078B5824094C9A004DC88D /* Info.plist */,
			);
			path = MOPTests;
			sourceTree = "<group>";
		};
		AE078B6024094C9A004DC88D /* MOPUITests */ = {
			isa = PBXGroup;
			children = (
				AE078B6124094C9A004DC88D /* MOPUITests.swift */,
				AE078B6324094C9A004DC88D /* Info.plist */,
			);
			path = MOPUITests;
			sourceTree = "<group>";
		};
		AE078B7B240956F6004DC88D /* Models */ = {
			isa = PBXGroup;
			children = (
				AE078B6F24094D73004DC88D /* PostModel.swift */,
				AE078B7124094D8D004DC88D /* CommentModel.swift */,
				AE078B7324094E30004DC88D /* TagModel.swift */,
				AE078B77240950A6004DC88D /* UserModel.swift */,
				B70DFB7F2417D8F20031DAEE /* LikeModel.swift */,
				B70DFB812417DAC20031DAEE /* ReportModel.swift */,
			);
			path = Models;
			sourceTree = "<group>";
		};
		AE078B7D24095756004DC88D /* ViewModels */ = {
			isa = PBXGroup;
			children = (
				AE078B7E240957C2004DC88D /* UserViewModel.swift */,
				AE078B8024095832004DC88D /* PostViewModel.swift */,
				AE078B82240958A0004DC88D /* CommentViewModel.swift */,
				AE078B84240958F3004DC88D /* TagViewModel.swift */,
			);
			path = ViewModels;
			sourceTree = "<group>";
		};
		AE078B8624095996004DC88D /* Views */ = {
			isa = PBXGroup;
			children = (
				B7145608240EB8D800286357 /* ImagePicker */,
				AE078B87240959F3004DC88D /* HomepageView.swift */,
				AE85B504241398CB00AC3131 /* AddPostView.swift */,
				AE078B8924095F4C004DC88D /* PostView.swift */,
				AE078B8B24097146004DC88D /* PostItem.swift */,
				AEB70432240CFB63006651EE /* LogIn.swift */,
				AEB70434240CFB77006651EE /* SignUpView.swift */,
				B7EB123A240FC819002FEDEA /* MenuView.swift */,
				B741D2642412B6D70069A5E3 /* CommentsView.swift */,
				B741D2662412B8170069A5E3 /* CommentItem.swift */,
				AE6956D6241A87B100EAB6E2 /* KeyboardObserver.swift */,
				AEA120AB241EB4670048DCCD /* MultilineTF.swift */,
				AE437815241FC2B7003F782E /* SearchView.swift */,
				AEE30C9C2420EF2A0059414A /* PersonItem.swift */,
				AED73CDF242235B300BA09C2 /* ListPostView.swift */,
				AED73CE12422360300BA09C2 /* ProfileView.swift */,
				AEE241532426B0280058B563 /* ImageView.swift */,
			);
			path = Views;
			sourceTree = "<group>";
		};
		AE66721E24104E9B0095C97A /* Routers */ = {
			isa = PBXGroup;
			children = (
				B7EB123C240FEE97002FEDEA /* MainViewRouter.swift */,
				AE66721F24104EC80095C97A /* PostViewRouter.swift */,
				AE437817241FF655003F782E /* SearchViewRouter.swift */,
			);
			path = Routers;
			sourceTree = "<group>";
		};
		B7145608240EB8D800286357 /* ImagePicker */ = {
			isa = PBXGroup;
			children = (
				AE85B50624139B9D00AC3131 /* ImagePicker.swift */,
			);
			path = ImagePicker;
			sourceTree = "<group>";
		};
		D37911ACC74363230A9B9A53 /* Pods */ = {
			isa = PBXGroup;
			children = (
				611BA3702AC8F7B6EFC96556 /* Pods-MOP.debug.xcconfig */,
				03DB10A4368B7DBFB7ED8E5D /* Pods-MOP.release.xcconfig */,
				0ADB0EF267E8860FCE246F7C /* Pods-MOP-MOPUITests.debug.xcconfig */,
				3FE81FCD1CFC2656D8B03EA0 /* Pods-MOP-MOPUITests.release.xcconfig */,
				DAA6CF94E6AEAD0B78C33BA1 /* Pods-MOPTests.debug.xcconfig */,
				B2FA54D25BE6E281C2124305 /* Pods-MOPTests.release.xcconfig */,
			);
			path = Pods;
			sourceTree = "<group>";
		};
/* End PBXGroup section */

/* Begin PBXNativeTarget section */
		AE078B3B24094C96004DC88D /* MOP */ = {
			isa = PBXNativeTarget;
			buildConfigurationList = AE078B6624094C9A004DC88D /* Build configuration list for PBXNativeTarget "MOP" */;
			buildPhases = (
				ECE189147B60A41005FAEF07 /* [CP] Check Pods Manifest.lock */,
				AE078B3824094C96004DC88D /* Sources */,
				AE078B3924094C96004DC88D /* Frameworks */,
				AE078B3A24094C96004DC88D /* Resources */,
				60DCDF1474285E018DDCB3D3 /* [CP] Embed Pods Frameworks */,
			);
			buildRules = (
			);
			dependencies = (
			);
			name = MOP;
			packageProductDependencies = (
				B7145610240ECB6200286357 /* NIO */,
			);
			productName = MOP;
			productReference = AE078B3C24094C96004DC88D /* MOP.app */;
			productType = "com.apple.product-type.application";
		};
		AE078B5124094C99004DC88D /* MOPTests */ = {
			isa = PBXNativeTarget;
			buildConfigurationList = AE078B6924094C9A004DC88D /* Build configuration list for PBXNativeTarget "MOPTests" */;
			buildPhases = (
				7D6FE9ACF733A32B45F30F7C /* [CP] Check Pods Manifest.lock */,
				AE078B4E24094C99004DC88D /* Sources */,
				AE078B4F24094C99004DC88D /* Frameworks */,
				AE078B5024094C99004DC88D /* Resources */,
			);
			buildRules = (
			);
			dependencies = (
				AE078B5424094C9A004DC88D /* PBXTargetDependency */,
			);
			name = MOPTests;
			productName = MOPTests;
			productReference = AE078B5224094C99004DC88D /* MOPTests.xctest */;
			productType = "com.apple.product-type.bundle.unit-test";
		};
		AE078B5C24094C9A004DC88D /* MOPUITests */ = {
			isa = PBXNativeTarget;
			buildConfigurationList = AE078B6C24094C9A004DC88D /* Build configuration list for PBXNativeTarget "MOPUITests" */;
			buildPhases = (
				F62E711C19A0A298258022A0 /* [CP] Check Pods Manifest.lock */,
				AE078B5924094C9A004DC88D /* Sources */,
				AE078B5A24094C9A004DC88D /* Frameworks */,
				AE078B5B24094C9A004DC88D /* Resources */,
				17B28A071CE47422749A9447 /* [CP] Embed Pods Frameworks */,
			);
			buildRules = (
			);
			dependencies = (
				AE078B5F24094C9A004DC88D /* PBXTargetDependency */,
			);
			name = MOPUITests;
			productName = MOPUITests;
			productReference = AE078B5D24094C9A004DC88D /* MOPUITests.xctest */;
			productType = "com.apple.product-type.bundle.ui-testing";
		};
/* End PBXNativeTarget section */

/* Begin PBXProject section */
		AE078B3424094C96004DC88D /* Project object */ = {
			isa = PBXProject;
			attributes = {
				LastSwiftUpdateCheck = 1130;
				LastUpgradeCheck = 1130;
				ORGANIZATIONNAME = "Groupe Incroyable";
				TargetAttributes = {
					AE078B3B24094C96004DC88D = {
						CreatedOnToolsVersion = 11.3.1;
					};
					AE078B5124094C99004DC88D = {
						CreatedOnToolsVersion = 11.3.1;
						TestTargetID = AE078B3B24094C96004DC88D;
					};
					AE078B5C24094C9A004DC88D = {
						CreatedOnToolsVersion = 11.3.1;
						TestTargetID = AE078B3B24094C96004DC88D;
					};
				};
			};
			buildConfigurationList = AE078B3724094C96004DC88D /* Build configuration list for PBXProject "MOP" */;
			compatibilityVersion = "Xcode 9.3";
			developmentRegion = en;
			hasScannedForEncodings = 0;
			knownRegions = (
				en,
				Base,
			);
			mainGroup = AE078B3324094C96004DC88D;
			packageReferences = (
				B714560F240ECB6100286357 /* XCRemoteSwiftPackageReference "swift-nio" */,
			);
			productRefGroup = AE078B3D24094C96004DC88D /* Products */;
			projectDirPath = "";
			projectRoot = "";
			targets = (
				AE078B3B24094C96004DC88D /* MOP */,
				AE078B5124094C99004DC88D /* MOPTests */,
				AE078B5C24094C9A004DC88D /* MOPUITests */,
			);
		};
/* End PBXProject section */

/* Begin PBXResourcesBuildPhase section */
		AE078B3A24094C96004DC88D /* Resources */ = {
			isa = PBXResourcesBuildPhase;
			buildActionMask = 2147483647;
			files = (
				AE078B4C24094C99004DC88D /* LaunchScreen.storyboard in Resources */,
				AE4D06E224268C8800FFE1D6 /* GoogleService-Info.plist in Resources */,
				AE078B4924094C99004DC88D /* Preview Assets.xcassets in Resources */,
				AE078B4624094C99004DC88D /* Assets.xcassets in Resources */,
			);
			runOnlyForDeploymentPostprocessing = 0;
		};
		AE078B5024094C99004DC88D /* Resources */ = {
			isa = PBXResourcesBuildPhase;
			buildActionMask = 2147483647;
			files = (
				AE4D06E324268C8800FFE1D6 /* GoogleService-Info.plist in Resources */,
			);
			runOnlyForDeploymentPostprocessing = 0;
		};
		AE078B5B24094C9A004DC88D /* Resources */ = {
			isa = PBXResourcesBuildPhase;
			buildActionMask = 2147483647;
			files = (
				AE4D06E424268C8800FFE1D6 /* GoogleService-Info.plist in Resources */,
			);
			runOnlyForDeploymentPostprocessing = 0;
		};
/* End PBXResourcesBuildPhase section */

/* Begin PBXShellScriptBuildPhase section */
		17B28A071CE47422749A9447 /* [CP] Embed Pods Frameworks */ = {
			isa = PBXShellScriptBuildPhase;
			buildActionMask = 2147483647;
			files = (
			);
			inputFileListPaths = (
				"${PODS_ROOT}/Target Support Files/Pods-MOP-MOPUITests/Pods-MOP-MOPUITests-frameworks-${CONFIGURATION}-input-files.xcfilelist",
			);
			name = "[CP] Embed Pods Frameworks";
			outputFileListPaths = (
				"${PODS_ROOT}/Target Support Files/Pods-MOP-MOPUITests/Pods-MOP-MOPUITests-frameworks-${CONFIGURATION}-output-files.xcfilelist",
			);
			runOnlyForDeploymentPostprocessing = 0;
			shellPath = /bin/sh;
			shellScript = "\"${PODS_ROOT}/Target Support Files/Pods-MOP-MOPUITests/Pods-MOP-MOPUITests-frameworks.sh\"\n";
			showEnvVarsInLog = 0;
		};
		60DCDF1474285E018DDCB3D3 /* [CP] Embed Pods Frameworks */ = {
			isa = PBXShellScriptBuildPhase;
			buildActionMask = 2147483647;
			files = (
			);
			inputFileListPaths = (
				"${PODS_ROOT}/Target Support Files/Pods-MOP/Pods-MOP-frameworks-${CONFIGURATION}-input-files.xcfilelist",
			);
			name = "[CP] Embed Pods Frameworks";
			outputFileListPaths = (
				"${PODS_ROOT}/Target Support Files/Pods-MOP/Pods-MOP-frameworks-${CONFIGURATION}-output-files.xcfilelist",
			);
			runOnlyForDeploymentPostprocessing = 0;
			shellPath = /bin/sh;
			shellScript = "\"${PODS_ROOT}/Target Support Files/Pods-MOP/Pods-MOP-frameworks.sh\"\n";
			showEnvVarsInLog = 0;
		};
		7D6FE9ACF733A32B45F30F7C /* [CP] Check Pods Manifest.lock */ = {
			isa = PBXShellScriptBuildPhase;
			buildActionMask = 2147483647;
			files = (
			);
			inputFileListPaths = (
			);
			inputPaths = (
				"${PODS_PODFILE_DIR_PATH}/Podfile.lock",
				"${PODS_ROOT}/Manifest.lock",
			);
			name = "[CP] Check Pods Manifest.lock";
			outputFileListPaths = (
			);
			outputPaths = (
				"$(DERIVED_FILE_DIR)/Pods-MOPTests-checkManifestLockResult.txt",
			);
			runOnlyForDeploymentPostprocessing = 0;
			shellPath = /bin/sh;
			shellScript = "diff \"${PODS_PODFILE_DIR_PATH}/Podfile.lock\" \"${PODS_ROOT}/Manifest.lock\" > /dev/null\nif [ $? != 0 ] ; then\n    # print error to STDERR\n    echo \"error: The sandbox is not in sync with the Podfile.lock. Run 'pod install' or update your CocoaPods installation.\" >&2\n    exit 1\nfi\n# This output is used by Xcode 'outputs' to avoid re-running this script phase.\necho \"SUCCESS\" > \"${SCRIPT_OUTPUT_FILE_0}\"\n";
			showEnvVarsInLog = 0;
		};
		ECE189147B60A41005FAEF07 /* [CP] Check Pods Manifest.lock */ = {
			isa = PBXShellScriptBuildPhase;
			buildActionMask = 2147483647;
			files = (
			);
			inputFileListPaths = (
			);
			inputPaths = (
				"${PODS_PODFILE_DIR_PATH}/Podfile.lock",
				"${PODS_ROOT}/Manifest.lock",
			);
			name = "[CP] Check Pods Manifest.lock";
			outputFileListPaths = (
			);
			outputPaths = (
				"$(DERIVED_FILE_DIR)/Pods-MOP-checkManifestLockResult.txt",
			);
			runOnlyForDeploymentPostprocessing = 0;
			shellPath = /bin/sh;
			shellScript = "diff \"${PODS_PODFILE_DIR_PATH}/Podfile.lock\" \"${PODS_ROOT}/Manifest.lock\" > /dev/null\nif [ $? != 0 ] ; then\n    # print error to STDERR\n    echo \"error: The sandbox is not in sync with the Podfile.lock. Run 'pod install' or update your CocoaPods installation.\" >&2\n    exit 1\nfi\n# This output is used by Xcode 'outputs' to avoid re-running this script phase.\necho \"SUCCESS\" > \"${SCRIPT_OUTPUT_FILE_0}\"\n";
			showEnvVarsInLog = 0;
		};
		F62E711C19A0A298258022A0 /* [CP] Check Pods Manifest.lock */ = {
			isa = PBXShellScriptBuildPhase;
			buildActionMask = 2147483647;
			files = (
			);
			inputFileListPaths = (
			);
			inputPaths = (
				"${PODS_PODFILE_DIR_PATH}/Podfile.lock",
				"${PODS_ROOT}/Manifest.lock",
			);
			name = "[CP] Check Pods Manifest.lock";
			outputFileListPaths = (
			);
			outputPaths = (
				"$(DERIVED_FILE_DIR)/Pods-MOP-MOPUITests-checkManifestLockResult.txt",
			);
			runOnlyForDeploymentPostprocessing = 0;
			shellPath = /bin/sh;
			shellScript = "diff \"${PODS_PODFILE_DIR_PATH}/Podfile.lock\" \"${PODS_ROOT}/Manifest.lock\" > /dev/null\nif [ $? != 0 ] ; then\n    # print error to STDERR\n    echo \"error: The sandbox is not in sync with the Podfile.lock. Run 'pod install' or update your CocoaPods installation.\" >&2\n    exit 1\nfi\n# This output is used by Xcode 'outputs' to avoid re-running this script phase.\necho \"SUCCESS\" > \"${SCRIPT_OUTPUT_FILE_0}\"\n";
			showEnvVarsInLog = 0;
		};
/* End PBXShellScriptBuildPhase section */

/* Begin PBXSourcesBuildPhase section */
		AE078B3824094C96004DC88D /* Sources */ = {
			isa = PBXSourcesBuildPhase;
			buildActionMask = 2147483647;
			files = (
				AE078B8C24097146004DC88D /* PostItem.swift in Sources */,
				AE078B7424094E30004DC88D /* TagModel.swift in Sources */,
				AE078B7F240957C2004DC88D /* UserViewModel.swift in Sources */,
				AE078B4024094C96004DC88D /* AppDelegate.swift in Sources */,
				AEE241542426B0280058B563 /* ImageView.swift in Sources */,
				AE6956D7241A87B100EAB6E2 /* KeyboardObserver.swift in Sources */,
				B7EB123B240FC819002FEDEA /* MenuView.swift in Sources */,
				AE078B78240950A6004DC88D /* UserModel.swift in Sources */,
				AE078B7024094D73004DC88D /* PostModel.swift in Sources */,
				AE078B7224094D8D004DC88D /* CommentModel.swift in Sources */,
				AE437816241FC2B7003F782E /* SearchView.swift in Sources */,
				AEA120AC241EB4670048DCCD /* MultilineTF.swift in Sources */,
				AE66722024104EC80095C97A /* PostViewRouter.swift in Sources */,
				AE078B88240959F3004DC88D /* HomepageView.swift in Sources */,
				AE078B8124095832004DC88D /* PostViewModel.swift in Sources */,
				AE85B50724139B9D00AC3131 /* ImagePicker.swift in Sources */,
				AE85B505241398CB00AC3131 /* AddPostView.swift in Sources */,
				AEE30C9D2420EF2A0059414A /* PersonItem.swift in Sources */,
				B741D2652412B6D70069A5E3 /* CommentsView.swift in Sources */,
				AE078B85240958F3004DC88D /* TagViewModel.swift in Sources */,
				AED73CE0242235B300BA09C2 /* ListPostView.swift in Sources */,
				B70DFB802417D8F20031DAEE /* LikeModel.swift in Sources */,
				AEB70433240CFB63006651EE /* LogIn.swift in Sources */,
				AE078B4224094C96004DC88D /* SceneDelegate.swift in Sources */,
				B7EB123D240FEE97002FEDEA /* MainViewRouter.swift in Sources */,
				AE437818241FF655003F782E /* SearchViewRouter.swift in Sources */,
				AED73CE22422360300BA09C2 /* ProfileView.swift in Sources */,
				B741D2672412B8170069A5E3 /* CommentItem.swift in Sources */,
				AE078B83240958A0004DC88D /* CommentViewModel.swift in Sources */,
				AE078B8A24095F4C004DC88D /* PostView.swift in Sources */,
				B70DFB822417DAC20031DAEE /* ReportModel.swift in Sources */,
				AEB70435240CFB77006651EE /* SignUpView.swift in Sources */,
			);
			runOnlyForDeploymentPostprocessing = 0;
		};
		AE078B4E24094C99004DC88D /* Sources */ = {
			isa = PBXSourcesBuildPhase;
			buildActionMask = 2147483647;
			files = (
				AE078B5724094C9A004DC88D /* MOPTests.swift in Sources */,
			);
			runOnlyForDeploymentPostprocessing = 0;
		};
		AE078B5924094C9A004DC88D /* Sources */ = {
			isa = PBXSourcesBuildPhase;
			buildActionMask = 2147483647;
			files = (
				AE078B6224094C9A004DC88D /* MOPUITests.swift in Sources */,
			);
			runOnlyForDeploymentPostprocessing = 0;
		};
/* End PBXSourcesBuildPhase section */

/* Begin PBXTargetDependency section */
		AE078B5424094C9A004DC88D /* PBXTargetDependency */ = {
			isa = PBXTargetDependency;
			target = AE078B3B24094C96004DC88D /* MOP */;
			targetProxy = AE078B5324094C9A004DC88D /* PBXContainerItemProxy */;
		};
		AE078B5F24094C9A004DC88D /* PBXTargetDependency */ = {
			isa = PBXTargetDependency;
			target = AE078B3B24094C96004DC88D /* MOP */;
			targetProxy = AE078B5E24094C9A004DC88D /* PBXContainerItemProxy */;
		};
/* End PBXTargetDependency section */

/* Begin PBXVariantGroup section */
		AE078B4A24094C99004DC88D /* LaunchScreen.storyboard */ = {
			isa = PBXVariantGroup;
			children = (
				AE078B4B24094C99004DC88D /* Base */,
			);
			name = LaunchScreen.storyboard;
			sourceTree = "<group>";
		};
/* End PBXVariantGroup section */

/* Begin XCBuildConfiguration section */
		AE078B6424094C9A004DC88D /* Debug */ = {
			isa = XCBuildConfiguration;
			buildSettings = {
				ALWAYS_SEARCH_USER_PATHS = NO;
				CLANG_ANALYZER_NONNULL = YES;
				CLANG_ANALYZER_NUMBER_OBJECT_CONVERSION = YES_AGGRESSIVE;
				CLANG_CXX_LANGUAGE_STANDARD = "gnu++14";
				CLANG_CXX_LIBRARY = "libc++";
				CLANG_ENABLE_MODULES = YES;
				CLANG_ENABLE_OBJC_ARC = YES;
				CLANG_ENABLE_OBJC_WEAK = YES;
				CLANG_WARN_BLOCK_CAPTURE_AUTORELEASING = YES;
				CLANG_WARN_BOOL_CONVERSION = YES;
				CLANG_WARN_COMMA = YES;
				CLANG_WARN_CONSTANT_CONVERSION = YES;
				CLANG_WARN_DEPRECATED_OBJC_IMPLEMENTATIONS = YES;
				CLANG_WARN_DIRECT_OBJC_ISA_USAGE = YES_ERROR;
				CLANG_WARN_DOCUMENTATION_COMMENTS = YES;
				CLANG_WARN_EMPTY_BODY = YES;
				CLANG_WARN_ENUM_CONVERSION = YES;
				CLANG_WARN_INFINITE_RECURSION = YES;
				CLANG_WARN_INT_CONVERSION = YES;
				CLANG_WARN_NON_LITERAL_NULL_CONVERSION = YES;
				CLANG_WARN_OBJC_IMPLICIT_RETAIN_SELF = YES;
				CLANG_WARN_OBJC_LITERAL_CONVERSION = YES;
				CLANG_WARN_OBJC_ROOT_CLASS = YES_ERROR;
				CLANG_WARN_RANGE_LOOP_ANALYSIS = YES;
				CLANG_WARN_STRICT_PROTOTYPES = YES;
				CLANG_WARN_SUSPICIOUS_MOVE = YES;
				CLANG_WARN_UNGUARDED_AVAILABILITY = YES_AGGRESSIVE;
				CLANG_WARN_UNREACHABLE_CODE = YES;
				CLANG_WARN__DUPLICATE_METHOD_MATCH = YES;
				COPY_PHASE_STRIP = NO;
				DEBUG_INFORMATION_FORMAT = dwarf;
				ENABLE_STRICT_OBJC_MSGSEND = YES;
				ENABLE_TESTABILITY = YES;
				GCC_C_LANGUAGE_STANDARD = gnu11;
				GCC_DYNAMIC_NO_PIC = NO;
				GCC_NO_COMMON_BLOCKS = YES;
				GCC_OPTIMIZATION_LEVEL = 0;
				GCC_PREPROCESSOR_DEFINITIONS = (
					"DEBUG=1",
					"$(inherited)",
				);
				GCC_WARN_64_TO_32_BIT_CONVERSION = YES;
				GCC_WARN_ABOUT_RETURN_TYPE = YES_ERROR;
				GCC_WARN_UNDECLARED_SELECTOR = YES;
				GCC_WARN_UNINITIALIZED_AUTOS = YES_AGGRESSIVE;
				GCC_WARN_UNUSED_FUNCTION = YES;
				GCC_WARN_UNUSED_VARIABLE = YES;
				IPHONEOS_DEPLOYMENT_TARGET = 13.2;
				MTL_ENABLE_DEBUG_INFO = INCLUDE_SOURCE;
				MTL_FAST_MATH = YES;
				ONLY_ACTIVE_ARCH = YES;
				SDKROOT = iphoneos;
				SWIFT_ACTIVE_COMPILATION_CONDITIONS = DEBUG;
				SWIFT_OPTIMIZATION_LEVEL = "-Onone";
			};
			name = Debug;
		};
		AE078B6524094C9A004DC88D /* Release */ = {
			isa = XCBuildConfiguration;
			buildSettings = {
				ALWAYS_SEARCH_USER_PATHS = NO;
				CLANG_ANALYZER_NONNULL = YES;
				CLANG_ANALYZER_NUMBER_OBJECT_CONVERSION = YES_AGGRESSIVE;
				CLANG_CXX_LANGUAGE_STANDARD = "gnu++14";
				CLANG_CXX_LIBRARY = "libc++";
				CLANG_ENABLE_MODULES = YES;
				CLANG_ENABLE_OBJC_ARC = YES;
				CLANG_ENABLE_OBJC_WEAK = YES;
				CLANG_WARN_BLOCK_CAPTURE_AUTORELEASING = YES;
				CLANG_WARN_BOOL_CONVERSION = YES;
				CLANG_WARN_COMMA = YES;
				CLANG_WARN_CONSTANT_CONVERSION = YES;
				CLANG_WARN_DEPRECATED_OBJC_IMPLEMENTATIONS = YES;
				CLANG_WARN_DIRECT_OBJC_ISA_USAGE = YES_ERROR;
				CLANG_WARN_DOCUMENTATION_COMMENTS = YES;
				CLANG_WARN_EMPTY_BODY = YES;
				CLANG_WARN_ENUM_CONVERSION = YES;
				CLANG_WARN_INFINITE_RECURSION = YES;
				CLANG_WARN_INT_CONVERSION = YES;
				CLANG_WARN_NON_LITERAL_NULL_CONVERSION = YES;
				CLANG_WARN_OBJC_IMPLICIT_RETAIN_SELF = YES;
				CLANG_WARN_OBJC_LITERAL_CONVERSION = YES;
				CLANG_WARN_OBJC_ROOT_CLASS = YES_ERROR;
				CLANG_WARN_RANGE_LOOP_ANALYSIS = YES;
				CLANG_WARN_STRICT_PROTOTYPES = YES;
				CLANG_WARN_SUSPICIOUS_MOVE = YES;
				CLANG_WARN_UNGUARDED_AVAILABILITY = YES_AGGRESSIVE;
				CLANG_WARN_UNREACHABLE_CODE = YES;
				CLANG_WARN__DUPLICATE_METHOD_MATCH = YES;
				COPY_PHASE_STRIP = NO;
				DEBUG_INFORMATION_FORMAT = "dwarf-with-dsym";
				ENABLE_NS_ASSERTIONS = NO;
				ENABLE_STRICT_OBJC_MSGSEND = YES;
				GCC_C_LANGUAGE_STANDARD = gnu11;
				GCC_NO_COMMON_BLOCKS = YES;
				GCC_WARN_64_TO_32_BIT_CONVERSION = YES;
				GCC_WARN_ABOUT_RETURN_TYPE = YES_ERROR;
				GCC_WARN_UNDECLARED_SELECTOR = YES;
				GCC_WARN_UNINITIALIZED_AUTOS = YES_AGGRESSIVE;
				GCC_WARN_UNUSED_FUNCTION = YES;
				GCC_WARN_UNUSED_VARIABLE = YES;
				IPHONEOS_DEPLOYMENT_TARGET = 13.2;
				MTL_ENABLE_DEBUG_INFO = NO;
				MTL_FAST_MATH = YES;
				SDKROOT = iphoneos;
				SWIFT_COMPILATION_MODE = wholemodule;
				SWIFT_OPTIMIZATION_LEVEL = "-O";
				VALIDATE_PRODUCT = YES;
			};
			name = Release;
		};
		AE078B6724094C9A004DC88D /* Debug */ = {
			isa = XCBuildConfiguration;
			baseConfigurationReference = 611BA3702AC8F7B6EFC96556 /* Pods-MOP.debug.xcconfig */;
			buildSettings = {
				ASSETCATALOG_COMPILER_APPICON_NAME = AppIcon;
				CODE_SIGN_STYLE = Automatic;
				DEVELOPMENT_ASSET_PATHS = "\"MOP/Preview Content\"";
				ENABLE_PREVIEWS = YES;
				INFOPLIST_FILE = MOP/Info.plist;
				LD_RUNPATH_SEARCH_PATHS = (
					"$(inherited)",
					"@executable_path/Frameworks",
				);
				PRODUCT_BUNDLE_IDENTIFIER = acsc.MOP;
				PRODUCT_NAME = "$(TARGET_NAME)";
				SWIFT_VERSION = 5.0;
				TARGETED_DEVICE_FAMILY = "1,2";
			};
			name = Debug;
		};
		AE078B6824094C9A004DC88D /* Release */ = {
			isa = XCBuildConfiguration;
			baseConfigurationReference = 03DB10A4368B7DBFB7ED8E5D /* Pods-MOP.release.xcconfig */;
			buildSettings = {
				ASSETCATALOG_COMPILER_APPICON_NAME = AppIcon;
				CODE_SIGN_STYLE = Automatic;
				DEVELOPMENT_ASSET_PATHS = "\"MOP/Preview Content\"";
				ENABLE_PREVIEWS = YES;
				INFOPLIST_FILE = MOP/Info.plist;
				LD_RUNPATH_SEARCH_PATHS = (
					"$(inherited)",
					"@executable_path/Frameworks",
				);
				PRODUCT_BUNDLE_IDENTIFIER = acsc.MOP;
				PRODUCT_NAME = "$(TARGET_NAME)";
				SWIFT_VERSION = 5.0;
				TARGETED_DEVICE_FAMILY = "1,2";
			};
			name = Release;
		};
		AE078B6A24094C9A004DC88D /* Debug */ = {
			isa = XCBuildConfiguration;
			baseConfigurationReference = DAA6CF94E6AEAD0B78C33BA1 /* Pods-MOPTests.debug.xcconfig */;
			buildSettings = {
				ALWAYS_EMBED_SWIFT_STANDARD_LIBRARIES = YES;
				BUNDLE_LOADER = "$(TEST_HOST)";
				CODE_SIGN_STYLE = Automatic;
				INFOPLIST_FILE = MOPTests/Info.plist;
				IPHONEOS_DEPLOYMENT_TARGET = 13.2;
				LD_RUNPATH_SEARCH_PATHS = (
					"$(inherited)",
					"@executable_path/Frameworks",
					"@loader_path/Frameworks",
				);
				PRODUCT_BUNDLE_IDENTIFIER = acsc.MOPTests;
				PRODUCT_NAME = "$(TARGET_NAME)";
				SWIFT_VERSION = 5.0;
				TARGETED_DEVICE_FAMILY = "1,2";
				TEST_HOST = "$(BUILT_PRODUCTS_DIR)/MOP.app/MOP";
			};
			name = Debug;
		};
		AE078B6B24094C9A004DC88D /* Release */ = {
			isa = XCBuildConfiguration;
			baseConfigurationReference = B2FA54D25BE6E281C2124305 /* Pods-MOPTests.release.xcconfig */;
			buildSettings = {
				ALWAYS_EMBED_SWIFT_STANDARD_LIBRARIES = YES;
				BUNDLE_LOADER = "$(TEST_HOST)";
				CODE_SIGN_STYLE = Automatic;
				INFOPLIST_FILE = MOPTests/Info.plist;
				IPHONEOS_DEPLOYMENT_TARGET = 13.2;
				LD_RUNPATH_SEARCH_PATHS = (
					"$(inherited)",
					"@executable_path/Frameworks",
					"@loader_path/Frameworks",
				);
				PRODUCT_BUNDLE_IDENTIFIER = acsc.MOPTests;
				PRODUCT_NAME = "$(TARGET_NAME)";
				SWIFT_VERSION = 5.0;
				TARGETED_DEVICE_FAMILY = "1,2";
				TEST_HOST = "$(BUILT_PRODUCTS_DIR)/MOP.app/MOP";
			};
			name = Release;
		};
		AE078B6D24094C9A004DC88D /* Debug */ = {
			isa = XCBuildConfiguration;
			baseConfigurationReference = 0ADB0EF267E8860FCE246F7C /* Pods-MOP-MOPUITests.debug.xcconfig */;
			buildSettings = {
				ALWAYS_EMBED_SWIFT_STANDARD_LIBRARIES = YES;
				CODE_SIGN_STYLE = Automatic;
				INFOPLIST_FILE = MOPUITests/Info.plist;
				LD_RUNPATH_SEARCH_PATHS = (
					"$(inherited)",
					"@executable_path/Frameworks",
					"@loader_path/Frameworks",
				);
				PRODUCT_BUNDLE_IDENTIFIER = acsc.MOPUITests;
				PRODUCT_NAME = "$(TARGET_NAME)";
				SWIFT_VERSION = 5.0;
				TARGETED_DEVICE_FAMILY = "1,2";
				TEST_TARGET_NAME = MOP;
			};
			name = Debug;
		};
		AE078B6E24094C9A004DC88D /* Release */ = {
			isa = XCBuildConfiguration;
			baseConfigurationReference = 3FE81FCD1CFC2656D8B03EA0 /* Pods-MOP-MOPUITests.release.xcconfig */;
			buildSettings = {
				ALWAYS_EMBED_SWIFT_STANDARD_LIBRARIES = YES;
				CODE_SIGN_STYLE = Automatic;
				INFOPLIST_FILE = MOPUITests/Info.plist;
				LD_RUNPATH_SEARCH_PATHS = (
					"$(inherited)",
					"@executable_path/Frameworks",
					"@loader_path/Frameworks",
				);
				PRODUCT_BUNDLE_IDENTIFIER = acsc.MOPUITests;
				PRODUCT_NAME = "$(TARGET_NAME)";
				SWIFT_VERSION = 5.0;
				TARGETED_DEVICE_FAMILY = "1,2";
				TEST_TARGET_NAME = MOP;
			};
			name = Release;
		};
/* End XCBuildConfiguration section */

/* Begin XCConfigurationList section */
		AE078B3724094C96004DC88D /* Build configuration list for PBXProject "MOP" */ = {
			isa = XCConfigurationList;
			buildConfigurations = (
				AE078B6424094C9A004DC88D /* Debug */,
				AE078B6524094C9A004DC88D /* Release */,
			);
			defaultConfigurationIsVisible = 0;
			defaultConfigurationName = Release;
		};
		AE078B6624094C9A004DC88D /* Build configuration list for PBXNativeTarget "MOP" */ = {
			isa = XCConfigurationList;
			buildConfigurations = (
				AE078B6724094C9A004DC88D /* Debug */,
				AE078B6824094C9A004DC88D /* Release */,
			);
			defaultConfigurationIsVisible = 0;
			defaultConfigurationName = Release;
		};
		AE078B6924094C9A004DC88D /* Build configuration list for PBXNativeTarget "MOPTests" */ = {
			isa = XCConfigurationList;
			buildConfigurations = (
				AE078B6A24094C9A004DC88D /* Debug */,
				AE078B6B24094C9A004DC88D /* Release */,
			);
			defaultConfigurationIsVisible = 0;
			defaultConfigurationName = Release;
		};
		AE078B6C24094C9A004DC88D /* Build configuration list for PBXNativeTarget "MOPUITests" */ = {
			isa = XCConfigurationList;
			buildConfigurations = (
				AE078B6D24094C9A004DC88D /* Debug */,
				AE078B6E24094C9A004DC88D /* Release */,
			);
			defaultConfigurationIsVisible = 0;
			defaultConfigurationName = Release;
		};
/* End XCConfigurationList section */

/* Begin XCRemoteSwiftPackageReference section */
		B714560F240ECB6100286357 /* XCRemoteSwiftPackageReference "swift-nio" */ = {
			isa = XCRemoteSwiftPackageReference;
			repositoryURL = "https://github.com/apple/swift-nio";
			requirement = {
				kind = upToNextMajorVersion;
				minimumVersion = 2.14.0;
			};
		};
/* End XCRemoteSwiftPackageReference section */

/* Begin XCSwiftPackageProductDependency section */
		B7145610240ECB6200286357 /* NIO */ = {
			isa = XCSwiftPackageProductDependency;
			package = B714560F240ECB6100286357 /* XCRemoteSwiftPackageReference "swift-nio" */;
			productName = NIO;
		};
/* End XCSwiftPackageProductDependency section */
	};
	rootObject = AE078B3424094C96004DC88D /* Project object */;
}
